
Microsoft Visual Studio Solution File, Format Version 9.00
# Visual Studio 2005
Project("{FAE04EC0-301F-11D3-BF4B-00C04F79EFBC}") = "TestVisualizer", "TestVisualizer\TestVisualizer.csproj", "{5BF03C0A-2F42-4538-B373-8B2BE569350A}"
EndProject
Project("{FAE04EC0-301F-11D3-BF4B-00C04F79EFBC}") = "DmILReader", "ILReader\DmILReader.csproj", "{3C0543D2-3A32-432B-8AF8-C971337BAC2D}"
EndProject
Project("{FAE04EC0-301F-11D3-BF4B-00C04F79EFBC}") = "DynamicMethodVisualizer", "MethodVisualizer\DynamicMethodVisualizer.csproj", "{6F6E9FC5-40A9-4ABD-89F3-EF7B6406F07B}"
EndProject
Global
	GlobalSection(SolutionConfigurationPlatforms) = preSolution
		Debug|Any CPU = Debug|Any CPU
		Release|Any CPU = Release|Any CPU
	EndGlobalSection
	GlobalSection(ProjectConfigurationPlatforms) = postSolution
		{5BF03C0A-2F42-4538-B373-8B2BE569350A}.Debug|Any CPU.ActiveCfg = Debug|Any CPU
		{5BF03C0A-2F42-4538-B373-8B2BE569350A}.Debug|Any CPU.Build.0 = Debug|Any CPU
		{5BF03C0A-2F42-4538-B373-8B2BE569350A}.Release|Any CPU.ActiveCfg = Release|Any CPU
		{5BF03C0A-2F42-4538-B373-8B2BE569350A}.Release|Any CPU.Build.0 = Release|Any CPU
		{3C0543D2-3A32-432B-8AF8-C971337BAC2D}.Debug|Any CPU.ActiveCfg = Debug|Any CPU
		{3C0543D2-3A32-432B-8AF8-C971337BAC2D}.Debug|Any CPU.Build.0 = Debug|Any CPU
		{3C0543D2-3A32-432B-8AF8-C971337BAC2D}.Release|Any CPU.ActiveCfg = Release|Any CPU
		{3C0543D2-3A32-432B-8AF8-C971337BAC2D}.Release|Any CPU.Build.0 = Release|Any CPU
		{6F6E9FC5-40A9-4ABD-89F3-EF7B6406F07B}.Debug|Any CPU.ActiveCfg = Debug|Any CPU
		{6F6E9FC5-40A9-4ABD-89F3-EF7B6406F07B}.Debug|Any CPU.Build.0 = Debug|Any CPU
		{6F6E9FC5-40A9-4ABD-89F3-EF7B6406F07B}.Release|Any CPU.ActiveCfg = Release|Any CPU
		{6F6E9FC5-40A9-4ABD-89F3-EF7B6406F07B}.Release|Any CPU.Build.0 = Release|Any CPU
	EndGlobalSection
	GlobalSection(SolutionProperties) = preSolution
		HideSolutionNode = FALSE
	EndGlobalSection
EndGlobal
